
Microsoft Visual Studio Solution File, Format Version 12.00
# Visual Studio Version 17
VisualStudioVersion = 17.0.32014.148
MinimumVisualStudioVersion = 10.0.40219.1
Project("{2150E333-8FDC-42A3-9474-1A3956D46DE8}") = "Solution Items", "Solution Items", "{8FE641FD-9430-4433-88D3-ABDD487E4397}"
	ProjectSection(SolutionItems) = preProject
		.editorconfig = .editorconfig
		..\azure-pipelines.yml = ..\azure-pipelines.yml
		..\CODE-OF-CONDUCT.md = ..\CODE-OF-CONDUCT.md
		Directory.Build.props = Directory.Build.props
		..\README.md = ..\README.md
		..\Release notes.md = ..\Release notes.md
		Resources.Designer.t4 = Resources.Designer.t4
		ResXResourceManager.sln.DotSettings = ResXResourceManager.sln.DotSettings
	EndProjectSection
EndProject
Project("{9A19103F-16F7-4668-BE54-9A1E7A4F7556}") = "ResXManager.Model", "ResXManager.Model\ResXManager.Model.csproj", "{6AF977DB-2C9F-4D9C-8C2D-CFDDF7E022FC}"
EndProject
Project("{9A19103F-16F7-4668-BE54-9A1E7A4F7556}") = "ResXManager.View", "ResXManager.View\ResXManager.View.csproj", "{32935FC5-1F28-419C-B67F-12D2014F8A8B}"
EndProject
Project("{9A19103F-16F7-4668-BE54-9A1E7A4F7556}") = "ResXManager.VSIX", "ResXManager.VSIX\ResXManager.VSIX.csproj", "{41E0911D-7C82-4B4F-B905-BF0B549BC9C4}"
	ProjectSection(ProjectDependencies) = postProject
		{C59E23B4-6ACD-43DC-BFC7-FCB667155EB3} = {C59E23B4-6ACD-43DC-BFC7-FCB667155EB3}
		{330FADF0-80F3-4B2A-8F11-79F528AFA1DD} = {330FADF0-80F3-4B2A-8F11-79F528AFA1DD}
	EndProjectSection
EndProject
Project("{FAE04EC0-301F-11D3-BF4B-00C04F79EFBC}") = "ResXManager", "ResXManager\ResXManager.csproj", "{40BE4188-6658-4DAC-B44E-DE4B7D0EE3A2}"
EndProject
Project("{9A19103F-16F7-4668-BE54-9A1E7A4F7556}") = "ResXManager.Translators", "ResXManager.Translators\ResXManager.Translators.csproj", "{D8B0B04F-4273-45DB-AE2D-5A91C89E1225}"
EndProject
Project("{9A19103F-16F7-4668-BE54-9A1E7A4F7556}") = "ResXManager.Infrastructure", "ResXManager.Infrastructure\ResXManager.Infrastructure.csproj", "{A20586DF-CBE9-4A6F-807C-10960D13E848}"
EndProject
Project("{2150E333-8FDC-42A3-9474-1A3956D46DE8}") = "Assets", "Assets", "{632FD104-D77C-4342-A4C1-2EEFFB8011E5}"
	ProjectSection(SolutionItems) = preProject
		..\Assets\ChooseColumns.png = ..\Assets\ChooseColumns.png
		..\Assets\CopyPasteExport.png = ..\Assets\CopyPasteExport.png
		..\Assets\DetectCodeReferences.png = ..\Assets\DetectCodeReferences.png
		..\Assets\DetectCodeReferencesConfig.png = ..\Assets\DetectCodeReferencesConfig.png
		..\Assets\Invariant.png = ..\Assets\Invariant.png
		..\Assets\Resources.ps1 = ..\Assets\Resources.ps1
		..\Assets\ShowOnlyErrors.png = ..\Assets\ShowOnlyErrors.png
		..\Assets\Snapshots.png = ..\Assets\Snapshots.png
		..\Assets\StandaloneMainScreen.png = ..\Assets\StandaloneMainScreen.png
		..\Assets\Translations.png = ..\Assets\Translations.png
		..\Assets\VisualStudioMainScreen.png = ..\Assets\VisualStudioMainScreen.png
		..\Assets\VS2017 Launch Partner Logo Small.png = ..\Assets\VS2017 Launch Partner Logo Small.png
		..\Assets\VS2017 Launch Partner Logo.png = ..\Assets\VS2017 Launch Partner Logo.png
	EndProjectSection
EndProject
Project("{9A19103F-16F7-4668-BE54-9A1E7A4F7556}") = "ResXManager.Scripting", "ResXManager.Scripting\ResXManager.Scripting.csproj", "{4C82721F-0FFA-4D91-9C08-70D20115AC6A}"
EndProject
Project("{2150E333-8FDC-42A3-9474-1A3956D46DE8}") = "Repository", "Repository", "{746EC663-0F2D-4CD8-AEB8-27B70907C8CD}"
	ProjectSection(SolutionItems) = preProject
		..\.gitignore = ..\.gitignore
		..\CODE-OF-CONDUCT.md = ..\CODE-OF-CONDUCT.md
		..\License = ..\License
		..\README.md = ..\README.md
		..\Release notes.md = ..\Release notes.md
	EndProjectSection
EndProject
Project("{2150E333-8FDC-42A3-9474-1A3956D46DE8}") = "Documentation", "Documentation", "{DFF87A7B-E7F1-4AB2-BDB2-5587BAC30015}"
	ProjectSection(SolutionItems) = preProject
		..\Documentation\Readme.md = ..\Documentation\Readme.md
	EndProjectSection
EndProject
Project("{2150E333-8FDC-42A3-9474-1A3956D46DE8}") = "Topics", "Topics", "{E3F92F55-65D9-4D83-83B0-F236D6A7012A}"
	ProjectSection(SolutionItems) = preProject
		..\Documentation\Topics\Automatic Translations_Translations.png = ..\Documentation\Topics\Automatic Translations_Translations.png
		..\Documentation\Topics\Automatic-Translations.md = ..\Documentation\Topics\Automatic-Translations.md
		..\Documentation\Topics\CellSelection.png = ..\Documentation\Topics\CellSelection.png
		..\Documentation\Topics\Configure Visible Columns_ChooseColumns.png = ..\Documentation\Topics\Configure Visible Columns_ChooseColumns.png
		..\Documentation\Topics\Configure-Visible-Columns.md = ..\Documentation\Topics\Configure-Visible-Columns.md
		..\Documentation\Topics\Copy, Paste, Export and Import_CopyPasteExport.png = ..\Documentation\Topics\Copy, Paste, Export and Import_CopyPasteExport.png
		..\Documentation\Topics\Copy,-Paste,-Export-and-Import.md = ..\Documentation\Topics\Copy,-Paste,-Export-and-Import.md
		..\Documentation\Topics\CopyPasteContextMenu.png = ..\Documentation\Topics\CopyPasteContextMenu.png
		..\Documentation\Topics\Custom-Code-Generator.md = ..\Documentation\Topics\Custom-Code-Generator.md
		..\Documentation\Topics\Detect Code References_DetectCodeReferences.png = ..\Documentation\Topics\Detect Code References_DetectCodeReferences.png
		..\Documentation\Topics\Detect Code References_DetectCodeReferencesConfig.png = ..\Documentation\Topics\Detect Code References_DetectCodeReferencesConfig.png
		..\Documentation\Topics\Detect-Code-References.md = ..\Documentation\Topics\Detect-Code-References.md
		..\Documentation\Topics\Documentation_extension.png = ..\Documentation\Topics\Documentation_extension.png
		..\Documentation\Topics\Documentation_standalone.png = ..\Documentation\Topics\Documentation_standalone.png
		..\Documentation\Topics\Donate.md = ..\Documentation\Topics\Donate.md
		..\Documentation\Topics\Home_ChooseColumns.png = ..\Documentation\Topics\Home_ChooseColumns.png
		..\Documentation\Topics\Home_extension.png = ..\Documentation\Topics\Home_extension.png
		..\Documentation\Topics\Home_standalone.png = ..\Documentation\Topics\Home_standalone.png
		..\Documentation\Topics\Installation.md = ..\Documentation\Topics\Installation.md
		..\Documentation\Topics\Invariant Strings_Invariant.png = ..\Documentation\Topics\Invariant Strings_Invariant.png
		..\Documentation\Topics\Invariant-Strings.md = ..\Documentation\Topics\Invariant-Strings.md
		..\Documentation\Topics\MoveToResource.gif = ..\Documentation\Topics\MoveToResource.gif
		..\Documentation\Topics\MoveToResource.md = ..\Documentation\Topics\MoveToResource.md
		..\Documentation\Topics\Scripting.md = ..\Documentation\Topics\Scripting.md
		..\Documentation\Topics\SelectCodeGenerator.png = ..\Documentation\Topics\SelectCodeGenerator.png
		..\Documentation\Topics\Snapshots.md = ..\Documentation\Topics\Snapshots.md
		..\Documentation\Topics\Snapshots_ShowOnlyErrors.png = ..\Documentation\Topics\Snapshots_ShowOnlyErrors.png
		..\Documentation\Topics\Snapshots_Snapshots.png = ..\Documentation\Topics\Snapshots_Snapshots.png
		..\Documentation\Topics\Spell-Checker.md = ..\Documentation\Topics\Spell-Checker.md
		..\Documentation\Topics\SpellChecker_LanguageSettings.png = ..\Documentation\Topics\SpellChecker_LanguageSettings.png
		..\Documentation\Topics\TextTemplateCodeGenerator.png = ..\Documentation\Topics\TextTemplateCodeGenerator.png
		..\Documentation\Topics\Troubleshooting.md = ..\Documentation\Topics\Troubleshooting.md
		..\Documentation\Topics\Usage.md = ..\Documentation\Topics\Usage.md
		..\Documentation\Topics\Xliff.md = ..\Documentation\Topics\Xliff.md
	EndProjectSection
EndProject
Project("{9A19103F-16F7-4668-BE54-9A1E7A4F7556}") = "ResXManager.Tests", "ResXManager.Tests\ResXManager.Tests.csproj", "{0C11F826-3F3D-4F55-91E4-331A9DE159A5}"
EndProject
Project("{2150E333-8FDC-42A3-9474-1A3956D46DE8}") = "Signing", "Signing", "{8B0472B3-8542-4E8E-A06A-9134CC7185BF}"
	ProjectSection(SolutionItems) = preProject
		..\signing\filelist.txt = ..\signing\filelist.txt
		..\signing\SignClient.json = ..\signing\SignClient.json
	EndProjectSection
EndProject
Project("{C7167F0D-BC9F-4E6E-AFE1-012C56B48DB5}") = "ResXManager.Package", "ResXManager.Package\ResXManager.Package.wapproj", "{487E9C60-4177-416A-B762-5B694D7C0A5B}"
EndProject
Project("{9A19103F-16F7-4668-BE54-9A1E7A4F7556}") = "ResXManager.VSIX.Compatibility", "ResXManager.VSIX.Compatibility\ResXManager.VSIX.Compatibility.csproj", "{7812E1AE-8AD7-42F1-ADD7-216BD28E4A88}"
EndProject
Project("{D954291E-2A0B-460D-934E-DC6B0785DB48}") = "ResXManager.VSIX.Compatibility.Shared", "ResXManager.VSIX.Compatibility.Shared\ResXManager.VSIX.Compatibility.Shared.shproj", "{CC3F887F-9602-43F4-AA73-7557B7C6AB1D}"
EndProject
Project("{9A19103F-16F7-4668-BE54-9A1E7A4F7556}") = "ResXManager.VSIX.Compatibility.x86", "ResXManager.VSIX.Compatibility.x86\ResXManager.VSIX.Compatibility.x86.csproj", "{C59E23B4-6ACD-43DC-BFC7-FCB667155EB3}"
EndProject
Project("{9A19103F-16F7-4668-BE54-9A1E7A4F7556}") = "ResXManager.VSIX.Compatibility.x64", "ResXManager.VSIX.Compatibility.x64\ResXManager.VSIX.Compatibility.x64.csproj", "{330FADF0-80F3-4B2A-8F11-79F528AFA1DD}"
EndProject
Global
	GlobalSection(SharedMSBuildProjectFiles) = preSolution
		ResXManager.VSIX.Compatibility.Shared\ResXManager.VSIX.Compatibility.Shared.projitems*{330fadf0-80f3-4b2a-8f11-79f528afa1dd}*SharedItemsImports = 5
		ResXManager.VSIX.Compatibility.Shared\ResXManager.VSIX.Compatibility.Shared.projitems*{c59e23b4-6acd-43dc-bfc7-fcb667155eb3}*SharedItemsImports = 5
		ResXManager.VSIX.Compatibility.Shared\ResXManager.VSIX.Compatibility.Shared.projitems*{cc3f887f-9602-43f4-aa73-7557b7c6ab1d}*SharedItemsImports = 13
	EndGlobalSection
	GlobalSection(SolutionConfigurationPlatforms) = preSolution
		Debug|Any CPU = Debug|Any CPU
		Release|Any CPU = Release|Any CPU
	EndGlobalSection
	GlobalSection(ProjectConfigurationPlatforms) = postSolution
		{6AF977DB-2C9F-4D9C-8C2D-CFDDF7E022FC}.Debug|Any CPU.ActiveCfg = Debug|Any CPU
		{6AF977DB-2C9F-4D9C-8C2D-CFDDF7E022FC}.Debug|Any CPU.Build.0 = Debug|Any CPU
		{6AF977DB-2C9F-4D9C-8C2D-CFDDF7E022FC}.Release|Any CPU.ActiveCfg = Release|Any CPU
		{6AF977DB-2C9F-4D9C-8C2D-CFDDF7E022FC}.Release|Any CPU.Build.0 = Release|Any CPU
		{32935FC5-1F28-419C-B67F-12D2014F8A8B}.Debug|Any CPU.ActiveCfg = Debug|Any CPU
		{32935FC5-1F28-419C-B67F-12D2014F8A8B}.Debug|Any CPU.Build.0 = Debug|Any CPU
		{32935FC5-1F28-419C-B67F-12D2014F8A8B}.Release|Any CPU.ActiveCfg = Release|Any CPU
		{32935FC5-1F28-419C-B67F-12D2014F8A8B}.Release|Any CPU.Build.0 = Release|Any CPU
		{41E0911D-7C82-4B4F-B905-BF0B549BC9C4}.Debug|Any CPU.ActiveCfg = Debug|Any CPU
		{41E0911D-7C82-4B4F-B905-BF0B549BC9C4}.Debug|Any CPU.Build.0 = Debug|Any CPU
		{41E0911D-7C82-4B4F-B905-BF0B549BC9C4}.Release|Any CPU.ActiveCfg = Release|Any CPU
		{41E0911D-7C82-4B4F-B905-BF0B549BC9C4}.Release|Any CPU.Build.0 = Release|Any CPU
		{40BE4188-6658-4DAC-B44E-DE4B7D0EE3A2}.Debug|Any CPU.ActiveCfg = Debug|Any CPU
		{40BE4188-6658-4DAC-B44E-DE4B7D0EE3A2}.Debug|Any CPU.Build.0 = Debug|Any CPU
		{40BE4188-6658-4DAC-B44E-DE4B7D0EE3A2}.Release|Any CPU.ActiveCfg = Release|Any CPU
		{40BE4188-6658-4DAC-B44E-DE4B7D0EE3A2}.Release|Any CPU.Build.0 = Release|Any CPU
		{D8B0B04F-4273-45DB-AE2D-5A91C89E1225}.Debug|Any CPU.ActiveCfg = Debug|Any CPU
		{D8B0B04F-4273-45DB-AE2D-5A91C89E1225}.Debug|Any CPU.Build.0 = Debug|Any CPU
		{D8B0B04F-4273-45DB-AE2D-5A91C89E1225}.Release|Any CPU.ActiveCfg = Release|Any CPU
		{D8B0B04F-4273-45DB-AE2D-5A91C89E1225}.Release|Any CPU.Build.0 = Release|Any CPU
		{A20586DF-CBE9-4A6F-807C-10960D13E848}.Debug|Any CPU.ActiveCfg = Debug|Any CPU
		{A20586DF-CBE9-4A6F-807C-10960D13E848}.Debug|Any CPU.Build.0 = Debug|Any CPU
		{A20586DF-CBE9-4A6F-807C-10960D13E848}.Release|Any CPU.ActiveCfg = Release|Any CPU
		{A20586DF-CBE9-4A6F-807C-10960D13E848}.Release|Any CPU.Build.0 = Release|Any CPU
		{4C82721F-0FFA-4D91-9C08-70D20115AC6A}.Debug|Any CPU.ActiveCfg = Debug|Any CPU
		{4C82721F-0FFA-4D91-9C08-70D20115AC6A}.Debug|Any CPU.Build.0 = Debug|Any CPU
		{4C82721F-0FFA-4D91-9C08-70D20115AC6A}.Release|Any CPU.ActiveCfg = Release|Any CPU
		{4C82721F-0FFA-4D91-9C08-70D20115AC6A}.Release|Any CPU.Build.0 = Release|Any CPU
		{0C11F826-3F3D-4F55-91E4-331A9DE159A5}.Debug|Any CPU.ActiveCfg = Debug|Any CPU
		{0C11F826-3F3D-4F55-91E4-331A9DE159A5}.Debug|Any CPU.Build.0 = Debug|Any CPU
		{0C11F826-3F3D-4F55-91E4-331A9DE159A5}.Release|Any CPU.ActiveCfg = Release|Any CPU
		{0C11F826-3F3D-4F55-91E4-331A9DE159A5}.Release|Any CPU.Build.0 = Release|Any CPU
		{487E9C60-4177-416A-B762-5B694D7C0A5B}.Debug|Any CPU.ActiveCfg = Debug|Any CPU
		{487E9C60-4177-416A-B762-5B694D7C0A5B}.Release|Any CPU.ActiveCfg = Release|Any CPU
		{7812E1AE-8AD7-42F1-ADD7-216BD28E4A88}.Debug|Any CPU.ActiveCfg = Debug|Any CPU
		{7812E1AE-8AD7-42F1-ADD7-216BD28E4A88}.Debug|Any CPU.Build.0 = Debug|Any CPU
		{7812E1AE-8AD7-42F1-ADD7-216BD28E4A88}.Release|Any CPU.ActiveCfg = Release|Any CPU
		{7812E1AE-8AD7-42F1-ADD7-216BD28E4A88}.Release|Any CPU.Build.0 = Release|Any CPU
		{C59E23B4-6ACD-43DC-BFC7-FCB667155EB3}.Debug|Any CPU.ActiveCfg = Debug|Any CPU
		{C59E23B4-6ACD-43DC-BFC7-FCB667155EB3}.Debug|Any CPU.Build.0 = Debug|Any CPU
		{C59E23B4-6ACD-43DC-BFC7-FCB667155EB3}.Release|Any CPU.ActiveCfg = Release|Any CPU
		{C59E23B4-6ACD-43DC-BFC7-FCB667155EB3}.Release|Any CPU.Build.0 = Release|Any CPU
		{330FADF0-80F3-4B2A-8F11-79F528AFA1DD}.Debug|Any CPU.ActiveCfg = Debug|Any CPU
		{330FADF0-80F3-4B2A-8F11-79F528AFA1DD}.Debug|Any CPU.Build.0 = Debug|Any CPU
		{330FADF0-80F3-4B2A-8F11-79F528AFA1DD}.Release|Any CPU.ActiveCfg = Release|Any CPU
		{330FADF0-80F3-4B2A-8F11-79F528AFA1DD}.Release|Any CPU.Build.0 = Release|Any CPU
	EndGlobalSection
	GlobalSection(SolutionProperties) = preSolution
		HideSolutionNode = FALSE
	EndGlobalSection
	GlobalSection(NestedProjects) = preSolution
		{E3F92F55-65D9-4D83-83B0-F236D6A7012A} = {DFF87A7B-E7F1-4AB2-BDB2-5587BAC30015}
	EndGlobalSection
	GlobalSection(ExtensibilityGlobals) = postSolution
		SolutionGuid = {04A160C5-3AA5-4A9E-9D73-A227A07E3EE4}
	EndGlobalSection
EndGlobal
